
Microsoft Visual Studio Solution File, Format Version 12.00
# Visual Studio Version 16
VisualStudioVersion = 16.0.30621.155
MinimumVisualStudioVersion = 10.0.40219.1
Project("{FAE04EC0-301F-11D3-BF4B-00C04F79EFBC}") = "ContactSerialization", "ContactSerialization\ContactSerialization.csproj", "{917ECE9F-DDA8-4EBD-B3A9-14592586FFE2}"
EndProject
Global
	GlobalSection(SolutionConfigurationPlatforms) = preSolution
		Debug|Any CPU = Debug|Any CPU
		Release|Any CPU = Release|Any CPU
	EndGlobalSection
	GlobalSection(ProjectConfigurationPlatforms) = postSolution
		{917ECE9F-DDA8-4EBD-B3A9-14592586FFE2}.Debug|Any CPU.ActiveCfg = Debug|Any CPU
		{917ECE9F-DDA8-4EBD-B3A9-14592586FFE2}.Debug|Any CPU.Build.0 = Debug|Any CPU
		{917ECE9F-DDA8-4EBD-B3A9-14592586FFE2}.Release|Any CPU.ActiveCfg = Release|Any CPU
		{917ECE9F-DDA8-4EBD-B3A9-14592586FFE2}.Release|Any CPU.Build.0 = Release|Any CPU
	EndGlobalSection
	GlobalSection(SolutionProperties) = preSolution
		HideSolutionNode = FALSE
	EndGlobalSection
	GlobalSection(ExtensibilityGlobals) = postSolution
		SolutionGuid = {BA55E2B3-7270-409A-BD97-7A12A0C2C46C}
	EndGlobalSection
EndGlobal
