
Microsoft Visual Studio Solution File, Format Version 12.00
# Visual Studio Version 16
VisualStudioVersion = 16.0.30621.155
MinimumVisualStudioVersion = 10.0.40219.1
Project("{FAE04EC0-301F-11D3-BF4B-00C04F79EFBC}") = "CollectionDemo", "CollectionDemo\CollectionDemo.csproj", "{010C502F-023F-41A8-A52D-5A357D7F8A68}"
EndProject
Global
	GlobalSection(SolutionConfigurationPlatforms) = preSolution
		Debug|Any CPU = Debug|Any CPU
		Release|Any CPU = Release|Any CPU
	EndGlobalSection
	GlobalSection(ProjectConfigurationPlatforms) = postSolution
		{010C502F-023F-41A8-A52D-5A357D7F8A68}.Debug|Any CPU.ActiveCfg = Debug|Any CPU
		{010C502F-023F-41A8-A52D-5A357D7F8A68}.Debug|Any CPU.Build.0 = Debug|Any CPU
		{010C502F-023F-41A8-A52D-5A357D7F8A68}.Release|Any CPU.ActiveCfg = Release|Any CPU
		{010C502F-023F-41A8-A52D-5A357D7F8A68}.Release|Any CPU.Build.0 = Release|Any CPU
	EndGlobalSection
	GlobalSection(SolutionProperties) = preSolution
		HideSolutionNode = FALSE
	EndGlobalSection
	GlobalSection(ExtensibilityGlobals) = postSolution
		SolutionGuid = {78F5FFEA-CDF8-41AF-A097-1356916A291D}
	EndGlobalSection
EndGlobal
