
Microsoft Visual Studio Solution File, Format Version 12.00
# Visual Studio Version 16
VisualStudioVersion = 16.0.30621.155
MinimumVisualStudioVersion = 10.0.40219.1
Project("{FAE04EC0-301F-11D3-BF4B-00C04F79EFBC}") = "ArithmeticOperationDelegateExample", "ArithmeticOperationDelegateExample\ArithmeticOperationDelegateExample.csproj", "{DABC04EF-DCBF-4C82-841F-1532407AB5CA}"
EndProject
Global
	GlobalSection(SolutionConfigurationPlatforms) = preSolution
		Debug|Any CPU = Debug|Any CPU
		Release|Any CPU = Release|Any CPU
	EndGlobalSection
	GlobalSection(ProjectConfigurationPlatforms) = postSolution
		{DABC04EF-DCBF-4C82-841F-1532407AB5CA}.Debug|Any CPU.ActiveCfg = Debug|Any CPU
		{DABC04EF-DCBF-4C82-841F-1532407AB5CA}.Debug|Any CPU.Build.0 = Debug|Any CPU
		{DABC04EF-DCBF-4C82-841F-1532407AB5CA}.Release|Any CPU.ActiveCfg = Release|Any CPU
		{DABC04EF-DCBF-4C82-841F-1532407AB5CA}.Release|Any CPU.Build.0 = Release|Any CPU
	EndGlobalSection
	GlobalSection(SolutionProperties) = preSolution
		HideSolutionNode = FALSE
	EndGlobalSection
	GlobalSection(ExtensibilityGlobals) = postSolution
		SolutionGuid = {4E25C088-85D5-47DC-991D-AE35633F923F}
	EndGlobalSection
EndGlobal
