
Microsoft Visual Studio Solution File, Format Version 12.00
# Visual Studio Version 16
VisualStudioVersion = 16.0.30621.155
MinimumVisualStudioVersion = 10.0.40219.1
Project("{FAE04EC0-301F-11D3-BF4B-00C04F79EFBC}") = "ModifiedShapeDemo", "ModifiedShapeDemo\ModifiedShapeDemo.csproj", "{0D41608D-EE76-4985-A821-E3726BFED6AC}"
EndProject
Global
	GlobalSection(SolutionConfigurationPlatforms) = preSolution
		Debug|Any CPU = Debug|Any CPU
		Release|Any CPU = Release|Any CPU
	EndGlobalSection
	GlobalSection(ProjectConfigurationPlatforms) = postSolution
		{0D41608D-EE76-4985-A821-E3726BFED6AC}.Debug|Any CPU.ActiveCfg = Debug|Any CPU
		{0D41608D-EE76-4985-A821-E3726BFED6AC}.Debug|Any CPU.Build.0 = Debug|Any CPU
		{0D41608D-EE76-4985-A821-E3726BFED6AC}.Release|Any CPU.ActiveCfg = Release|Any CPU
		{0D41608D-EE76-4985-A821-E3726BFED6AC}.Release|Any CPU.Build.0 = Release|Any CPU
	EndGlobalSection
	GlobalSection(SolutionProperties) = preSolution
		HideSolutionNode = FALSE
	EndGlobalSection
	GlobalSection(ExtensibilityGlobals) = postSolution
		SolutionGuid = {A137A152-3695-4027-B423-34659E4BCA82}
	EndGlobalSection
EndGlobal
