
Microsoft Visual Studio Solution File, Format Version 12.00
# Visual Studio Version 16
VisualStudioVersion = 16.0.30621.155
MinimumVisualStudioVersion = 10.0.40219.1
Project("{FAE04EC0-301F-11D3-BF4B-00C04F79EFBC}") = "Demo", "Demo\Demo.csproj", "{448E43B7-656F-431C-8130-4B3D16FD4691}"
EndProject
Global
	GlobalSection(SolutionConfigurationPlatforms) = preSolution
		Debug|Any CPU = Debug|Any CPU
		Release|Any CPU = Release|Any CPU
	EndGlobalSection
	GlobalSection(ProjectConfigurationPlatforms) = postSolution
		{448E43B7-656F-431C-8130-4B3D16FD4691}.Debug|Any CPU.ActiveCfg = Debug|Any CPU
		{448E43B7-656F-431C-8130-4B3D16FD4691}.Debug|Any CPU.Build.0 = Debug|Any CPU
		{448E43B7-656F-431C-8130-4B3D16FD4691}.Release|Any CPU.ActiveCfg = Release|Any CPU
		{448E43B7-656F-431C-8130-4B3D16FD4691}.Release|Any CPU.Build.0 = Release|Any CPU
	EndGlobalSection
	GlobalSection(SolutionProperties) = preSolution
		HideSolutionNode = FALSE
	EndGlobalSection
	GlobalSection(ExtensibilityGlobals) = postSolution
		SolutionGuid = {B9DDA318-BA87-4836-91D9-7A7C18093001}
	EndGlobalSection
EndGlobal
