
Microsoft Visual Studio Solution File, Format Version 12.00
# Visual Studio Version 16
VisualStudioVersion = 16.0.30621.155
MinimumVisualStudioVersion = 10.0.40219.1
Project("{FAE04EC0-301F-11D3-BF4B-00C04F79EFBC}") = "DelegateDemo", "DelegateDemo\DelegateDemo.csproj", "{FBA32460-2572-4DC1-BFE9-4F31BA48C11C}"
EndProject
Global
	GlobalSection(SolutionConfigurationPlatforms) = preSolution
		Debug|Any CPU = Debug|Any CPU
		Release|Any CPU = Release|Any CPU
	EndGlobalSection
	GlobalSection(ProjectConfigurationPlatforms) = postSolution
		{FBA32460-2572-4DC1-BFE9-4F31BA48C11C}.Debug|Any CPU.ActiveCfg = Debug|Any CPU
		{FBA32460-2572-4DC1-BFE9-4F31BA48C11C}.Debug|Any CPU.Build.0 = Debug|Any CPU
		{FBA32460-2572-4DC1-BFE9-4F31BA48C11C}.Release|Any CPU.ActiveCfg = Release|Any CPU
		{FBA32460-2572-4DC1-BFE9-4F31BA48C11C}.Release|Any CPU.Build.0 = Release|Any CPU
	EndGlobalSection
	GlobalSection(SolutionProperties) = preSolution
		HideSolutionNode = FALSE
	EndGlobalSection
	GlobalSection(ExtensibilityGlobals) = postSolution
		SolutionGuid = {8FBA8B10-B607-4649-91E7-14A833EA8C6E}
	EndGlobalSection
EndGlobal
