
Microsoft Visual Studio Solution File, Format Version 12.00
# Visual Studio Version 16
VisualStudioVersion = 16.0.30621.155
MinimumVisualStudioVersion = 10.0.40219.1
Project("{FAE04EC0-301F-11D3-BF4B-00C04F79EFBC}") = "OtherFeatures", "OtherFeatures\OtherFeatures.csproj", "{7E2B1194-1388-4090-9DD5-B68ABE2C9350}"
EndProject
Project("{FAE04EC0-301F-11D3-BF4B-00C04F79EFBC}") = "PartialSample", "PartialSample\PartialSample.csproj", "{3D69FC19-F90B-4622-B856-44D44A1A8D7E}"
EndProject
Global
	GlobalSection(SolutionConfigurationPlatforms) = preSolution
		Debug|Any CPU = Debug|Any CPU
		Release|Any CPU = Release|Any CPU
	EndGlobalSection
	GlobalSection(ProjectConfigurationPlatforms) = postSolution
		{7E2B1194-1388-4090-9DD5-B68ABE2C9350}.Debug|Any CPU.ActiveCfg = Debug|Any CPU
		{7E2B1194-1388-4090-9DD5-B68ABE2C9350}.Debug|Any CPU.Build.0 = Debug|Any CPU
		{7E2B1194-1388-4090-9DD5-B68ABE2C9350}.Release|Any CPU.ActiveCfg = Release|Any CPU
		{7E2B1194-1388-4090-9DD5-B68ABE2C9350}.Release|Any CPU.Build.0 = Release|Any CPU
		{3D69FC19-F90B-4622-B856-44D44A1A8D7E}.Debug|Any CPU.ActiveCfg = Debug|Any CPU
		{3D69FC19-F90B-4622-B856-44D44A1A8D7E}.Debug|Any CPU.Build.0 = Debug|Any CPU
		{3D69FC19-F90B-4622-B856-44D44A1A8D7E}.Release|Any CPU.ActiveCfg = Release|Any CPU
		{3D69FC19-F90B-4622-B856-44D44A1A8D7E}.Release|Any CPU.Build.0 = Release|Any CPU
	EndGlobalSection
	GlobalSection(SolutionProperties) = preSolution
		HideSolutionNode = FALSE
	EndGlobalSection
	GlobalSection(ExtensibilityGlobals) = postSolution
		SolutionGuid = {AADCE23A-E35D-4173-B7BF-B5927E403810}
	EndGlobalSection
EndGlobal
